{
  "name": "jewel-wax-crm",
  "lockfileVersion": 3,
  "requires": true,
  "packages": {
    "": {
      "dependencies": {
        "libphonenumber-js": "^1.12.8"
      }
    },
    "node_modules/libphonenumber-js": {
      "version": "1.12.8",
      "resolved": "https://registry.npmjs.org/libphonenumber-js/-/libphonenumber-js-1.12.8.tgz",
      "integrity": "sha512-f1KakiQJa9tdc7w1phC2ST+DyxWimy9c3g3yeF+84QtEanJr2K77wAmBPP22riU05xldniHsvXuflnLZ4oysqA==",
      "license": "MIT"
    }
  }
}
